// !$*UTF8*$!
{
	archiveVersion = 1;
	classes = {
	};
	objectVersion = 46;
	objects = {

/* Begin PBXBuildFile section */
		8211856C1F0D49270019EB00 /* Ball.swift in Sources */ = {isa = PBXBuildFile; fileRef = 8211856B1F0D49270019EB00 /* Ball.swift */; };
		822CF6F51F30ED4C00B26D53 /* GoogleMobileAds.framework in Frameworks */ = {isa = PBXBuildFile; fileRef = 822CF6F41F30ED4B00B26D53 /* GoogleMobileAds.framework */; };
		825353671F2A4D5000B9E944 /* Exo2-ExtraLight.otf in Resources */ = {isa = PBXBuildFile; fileRef = 825353661F2A4D5000B9E944 /* Exo2-ExtraLight.otf */; };
		826227931F0EB4CF00BCAA3C /* MSButtonNode.swift in Sources */ = {isa = PBXBuildFile; fileRef = 826227921F0EB4CF00BCAA3C /* MSButtonNode.swift */; };
		826227971F0EEDB400BCAA3C /* Assets.xcassets in Resources */ = {isa = PBXBuildFile; fileRef = 826227951F0EEDB400BCAA3C /* Assets.xcassets */; };
		826227991F0EEDF200BCAA3C /* Stars.sks in Resources */ = {isa = PBXBuildFile; fileRef = 826227981F0EEDF200BCAA3C /* Stars.sks */; };
		8262279B1F0FFBDE00BCAA3C /* HitEffect.sks in Resources */ = {isa = PBXBuildFile; fileRef = 8262279A1F0FFBDE00BCAA3C /* HitEffect.sks */; };
		827685C01F0EA3220082DEAC /* Cherry Monospace-Light.ttf in Resources */ = {isa = PBXBuildFile; fileRef = 827685BF1F0EA3220082DEAC /* Cherry Monospace-Light.ttf */; };
		8289E7131F0AFF000033921D /* AppDelegate.swift in Sources */ = {isa = PBXBuildFile; fileRef = 8289E7121F0AFF000033921D /* AppDelegate.swift */; };
		8289E7151F0AFF000033921D /* GameScene.sks in Resources */ = {isa = PBXBuildFile; fileRef = 8289E7141F0AFF000033921D /* GameScene.sks */; };
		8289E7171F0AFF000033921D /* Actions.sks in Resources */ = {isa = PBXBuildFile; fileRef = 8289E7161F0AFF000033921D /* Actions.sks */; };
		8289E7191F0AFF000033921D /* GameScene.swift in Sources */ = {isa = PBXBuildFile; fileRef = 8289E7181F0AFF000033921D /* GameScene.swift */; };
		8289E71B1F0AFF000033921D /* GameViewController.swift in Sources */ = {isa = PBXBuildFile; fileRef = 8289E71A1F0AFF000033921D /* GameViewController.swift */; };
		8289E71E1F0AFF000033921D /* Main.storyboard in Resources */ = {isa = PBXBuildFile; fileRef = 8289E71C1F0AFF000033921D /* Main.storyboard */; };
		8289E7201F0AFF000033921D /* Assets.xcassets in Resources */ = {isa = PBXBuildFile; fileRef = 8289E71F1F0AFF000033921D /* Assets.xcassets */; };
		8289E7231F0AFF000033921D /* LaunchScreen.storyboard in Resources */ = {isa = PBXBuildFile; fileRef = 8289E7211F0AFF000033921D /* LaunchScreen.storyboard */; };
		8294C68E1F100AEB00F86824 /* Hyperspace.wav in Resources */ = {isa = PBXBuildFile; fileRef = 8294C68D1F100AEB00F86824 /* Hyperspace.wav */; };
		8294C6901F100CD800F86824 /* MainMenu.sks in Resources */ = {isa = PBXBuildFile; fileRef = 8294C68F1F100CD800F86824 /* MainMenu.sks */; };
		8294C6921F101FCC00F86824 /* MainMenu.swift in Sources */ = {isa = PBXBuildFile; fileRef = 8294C6911F101FCC00F86824 /* MainMenu.swift */; };
		8294C6941F10256600F86824 /* GameScene2.sks in Resources */ = {isa = PBXBuildFile; fileRef = 8294C6931F10256600F86824 /* GameScene2.sks */; };
		82FCE22A1F0EB06700A7AE41 /* vortex.sks in Resources */ = {isa = PBXBuildFile; fileRef = 82FCE2291F0EB06700A7AE41 /* vortex.sks */; };
/* End PBXBuildFile section */

/* Begin PBXFileReference section */
		8211856B1F0D49270019EB00 /* Ball.swift */ = {isa = PBXFileReference; fileEncoding = 4; lastKnownFileType = sourcecode.swift; path = Ball.swift; sourceTree = "<group>"; };
		822CF6F41F30ED4B00B26D53 /* GoogleMobileAds.framework */ = {isa = PBXFileReference; lastKnownFileType = wrapper.framework; path = GoogleMobileAds.framework; sourceTree = "<group>"; };
		825353661F2A4D5000B9E944 /* Exo2-ExtraLight.otf */ = {isa = PBXFileReference; lastKnownFileType = file; path = "Exo2-ExtraLight.otf"; sourceTree = "<group>"; };
		826227921F0EB4CF00BCAA3C /* MSButtonNode.swift */ = {isa = PBXFileReference; fileEncoding = 4; lastKnownFileType = sourcecode.swift; path = MSButtonNode.swift; sourceTree = "<group>"; };
		826227951F0EEDB400BCAA3C /* Assets.xcassets */ = {isa = PBXFileReference; lastKnownFileType = folder.assetcatalog; path = Assets.xcassets; sourceTree = "<group>"; };
		826227981F0EEDF200BCAA3C /* Stars.sks */ = {isa = PBXFileReference; lastKnownFileType = file.sks; path = Stars.sks; sourceTree = "<group>"; };
		8262279A1F0FFBDE00BCAA3C /* HitEffect.sks */ = {isa = PBXFileReference; lastKnownFileType = file.sks; path = HitEffect.sks; sourceTree = "<group>"; };
		827685BF1F0EA3220082DEAC /* Cherry Monospace-Light.ttf */ = {isa = PBXFileReference; lastKnownFileType = file; path = "Cherry Monospace-Light.ttf"; sourceTree = "<group>"; };
		8289E70F1F0AFF000033921D /* ColorVortex.app */ = {isa = PBXFileReference; explicitFileType = wrapper.application; includeInIndex = 0; path = ColorVortex.app; sourceTree = BUILT_PRODUCTS_DIR; };
		8289E7121F0AFF000033921D /* AppDelegate.swift */ = {isa = PBXFileReference; lastKnownFileType = sourcecode.swift; path = AppDelegate.swift; sourceTree = "<group>"; };
		8289E7141F0AFF000033921D /* GameScene.sks */ = {isa = PBXFileReference; lastKnownFileType = file.sks; path = GameScene.sks; sourceTree = "<group>"; };
		8289E7161F0AFF000033921D /* Actions.sks */ = {isa = PBXFileReference; lastKnownFileType = file.sks; path = Actions.sks; sourceTree = "<group>"; };
		8289E7181F0AFF000033921D /* GameScene.swift */ = {isa = PBXFileReference; lastKnownFileType = sourcecode.swift; lineEnding = 0; path = GameScene.swift; sourceTree = "<group>"; xcLanguageSpecificationIdentifier = xcode.lang.swift; };
		8289E71A1F0AFF000033921D /* GameViewController.swift */ = {isa = PBXFileReference; lastKnownFileType = sourcecode.swift; path = GameViewController.swift; sourceTree = "<group>"; };
		8289E71D1F0AFF000033921D /* Base */ = {isa = PBXFileReference; lastKnownFileType = file.storyboard; name = Base; path = Base.lproj/Main.storyboard; sourceTree = "<group>"; };
		8289E71F1F0AFF000033921D /* Assets.xcassets */ = {isa = PBXFileReference; lastKnownFileType = folder.assetcatalog; path = Assets.xcassets; sourceTree = "<group>"; };
		8289E7221F0AFF000033921D /* Base */ = {isa = PBXFileReference; lastKnownFileType = file.storyboard; name = Base; path = Base.lproj/LaunchScreen.storyboard; sourceTree = "<group>"; };
		8289E7241F0AFF000033921D /* Info.plist */ = {isa = PBXFileReference; lastKnownFileType = text.plist.xml; path = Info.plist; sourceTree = "<group>"; };
		8294C68D1F100AEB00F86824 /* Hyperspace.wav */ = {isa = PBXFileReference; lastKnownFileType = audio.wav; path = Hyperspace.wav; sourceTree = "<group>"; };
		8294C68F1F100CD800F86824 /* MainMenu.sks */ = {isa = PBXFileReference; lastKnownFileType = file.sks; path = MainMenu.sks; sourceTree = "<group>"; };
		8294C6911F101FCC00F86824 /* MainMenu.swift */ = {isa = PBXFileReference; fileEncoding = 4; lastKnownFileType = sourcecode.swift; path = MainMenu.swift; sourceTree = "<group>"; };
		8294C6931F10256600F86824 /* GameScene2.sks */ = {isa = PBXFileReference; lastKnownFileType = file.sks; path = GameScene2.sks; sourceTree = "<group>"; };
		82FCE2291F0EB06700A7AE41 /* vortex.sks */ = {isa = PBXFileReference; lastKnownFileType = file.sks; path = vortex.sks; sourceTree = "<group>"; };
/* End PBXFileReference section */

/* Begin PBXFrameworksBuildPhase section */
		8289E70C1F0AFF000033921D /* Frameworks */ = {
			isa = PBXFrameworksBuildPhase;
			buildActionMask = 2147483647;
			files = (
				822CF6F51F30ED4C00B26D53 /* GoogleMobileAds.framework in Frameworks */,
			);
			runOnlyForDeploymentPostprocessing = 0;
		};
/* End PBXFrameworksBuildPhase section */

/* Begin PBXGroup section */
		8289E7061F0AFF000033921D = {
			isa = PBXGroup;
			children = (
				826227951F0EEDB400BCAA3C /* Assets.xcassets */,
				8289E7111F0AFF000033921D /* ColorVortex */,
				8289E7101F0AFF000033921D /* Products */,
				822CF6F41F30ED4B00B26D53 /* GoogleMobileAds.framework */,
			);
			sourceTree = "<group>";
		};
		8289E7101F0AFF000033921D /* Products */ = {
			isa = PBXGroup;
			children = (
				8289E70F1F0AFF000033921D /* ColorVortex.app */,
			);
			name = Products;
			sourceTree = "<group>";
		};
		8289E7111F0AFF000033921D /* ColorVortex */ = {
			isa = PBXGroup;
			children = (
				8289E7121F0AFF000033921D /* AppDelegate.swift */,
				8294C6911F101FCC00F86824 /* MainMenu.swift */,
				8294C68F1F100CD800F86824 /* MainMenu.sks */,
				8289E7181F0AFF000033921D /* GameScene.swift */,
				8289E7141F0AFF000033921D /* GameScene.sks */,
				8294C6931F10256600F86824 /* GameScene2.sks */,
				8262279A1F0FFBDE00BCAA3C /* HitEffect.sks */,
				826227981F0EEDF200BCAA3C /* Stars.sks */,
				82FCE2291F0EB06700A7AE41 /* vortex.sks */,
				8211856B1F0D49270019EB00 /* Ball.swift */,
				8289E7161F0AFF000033921D /* Actions.sks */,
				8289E71A1F0AFF000033921D /* GameViewController.swift */,
				8294C68D1F100AEB00F86824 /* Hyperspace.wav */,
				826227921F0EB4CF00BCAA3C /* MSButtonNode.swift */,
				8289E71C1F0AFF000033921D /* Main.storyboard */,
				8289E71F1F0AFF000033921D /* Assets.xcassets */,
				827685BF1F0EA3220082DEAC /* Cherry Monospace-Light.ttf */,
				825353661F2A4D5000B9E944 /* Exo2-ExtraLight.otf */,
				8289E7211F0AFF000033921D /* LaunchScreen.storyboard */,
				8289E7241F0AFF000033921D /* Info.plist */,
			);
			path = ColorVortex;
			sourceTree = "<group>";
		};
/* End PBXGroup section */

/* Begin PBXNativeTarget section */
		8289E70E1F0AFF000033921D /* ColorVortex */ = {
			isa = PBXNativeTarget;
			buildConfigurationList = 8289E7271F0AFF000033921D /* Build configuration list for PBXNativeTarget "ColorVortex" */;
			buildPhases = (
				8289E70B1F0AFF000033921D /* Sources */,
				8289E70C1F0AFF000033921D /* Frameworks */,
				8289E70D1F0AFF000033921D /* Resources */,
			);
			buildRules = (
			);
			dependencies = (
			);
			name = ColorVortex;
			productName = ColorVortex;
			productReference = 8289E70F1F0AFF000033921D /* ColorVortex.app */;
			productType = "com.apple.product-type.application";
		};
/* End PBXNativeTarget section */

/* Begin PBXProject section */
		8289E7071F0AFF000033921D /* Project object */ = {
			isa = PBXProject;
			attributes = {
				LastSwiftUpdateCheck = 0830;
				LastUpgradeCheck = 0830;
				ORGANIZATIONNAME = "Paxon Yu";
				TargetAttributes = {
					8289E70E1F0AFF000033921D = {
						CreatedOnToolsVersion = 8.3.3;
						DevelopmentTeam = CL52AX9555;
						ProvisioningStyle = Automatic;
					};
				};
			};
			buildConfigurationList = 8289E70A1F0AFF000033921D /* Build configuration list for PBXProject "ColorVortex" */;
			compatibilityVersion = "Xcode 3.2";
			developmentRegion = English;
			hasScannedForEncodings = 0;
			knownRegions = (
				en,
				Base,
			);
			mainGroup = 8289E7061F0AFF000033921D;
			productRefGroup = 8289E7101F0AFF000033921D /* Products */;
			projectDirPath = "";
			projectRoot = "";
			targets = (
				8289E70E1F0AFF000033921D /* ColorVortex */,
			);
		};
/* End PBXProject section */

/* Begin PBXResourcesBuildPhase section */
		8289E70D1F0AFF000033921D /* Resources */ = {
			isa = PBXResourcesBuildPhase;
			buildActionMask = 2147483647;
			files = (
				8262279B1F0FFBDE00BCAA3C /* HitEffect.sks in Resources */,
				8294C6901F100CD800F86824 /* MainMenu.sks in Resources */,
				825353671F2A4D5000B9E944 /* Exo2-ExtraLight.otf in Resources */,
				8289E71E1F0AFF000033921D /* Main.storyboard in Resources */,
				8294C6941F10256600F86824 /* GameScene2.sks in Resources */,
				8289E7151F0AFF000033921D /* GameScene.sks in Resources */,
				8289E7201F0AFF000033921D /* Assets.xcassets in Resources */,
				8289E7231F0AFF000033921D /* LaunchScreen.storyboard in Resources */,
				8294C68E1F100AEB00F86824 /* Hyperspace.wav in Resources */,
				827685C01F0EA3220082DEAC /* Cherry Monospace-Light.ttf in Resources */,
				82FCE22A1F0EB06700A7AE41 /* vortex.sks in Resources */,
				826227971F0EEDB400BCAA3C /* Assets.xcassets in Resources */,
				8289E7171F0AFF000033921D /* Actions.sks in Resources */,
				826227991F0EEDF200BCAA3C /* Stars.sks in Resources */,
			);
			runOnlyForDeploymentPostprocessing = 0;
		};
/* End PBXResourcesBuildPhase section */

/* Begin PBXSourcesBuildPhase section */
		8289E70B1F0AFF000033921D /* Sources */ = {
			isa = PBXSourcesBuildPhase;
			buildActionMask = 2147483647;
			files = (
				8211856C1F0D49270019EB00 /* Ball.swift in Sources */,
				8294C6921F101FCC00F86824 /* MainMenu.swift in Sources */,
				8289E7191F0AFF000033921D /* GameScene.swift in Sources */,
				8289E71B1F0AFF000033921D /* GameViewController.swift in Sources */,
				8289E7131F0AFF000033921D /* AppDelegate.swift in Sources */,
				826227931F0EB4CF00BCAA3C /* MSButtonNode.swift in Sources */,
			);
			runOnlyForDeploymentPostprocessing = 0;
		};
/* End PBXSourcesBuildPhase section */

/* Begin PBXVariantGroup section */
		8289E71C1F0AFF000033921D /* Main.storyboard */ = {
			isa = PBXVariantGroup;
			children = (
				8289E71D1F0AFF000033921D /* Base */,
			);
			name = Main.storyboard;
			sourceTree = "<group>";
		};
		8289E7211F0AFF000033921D /* LaunchScreen.storyboard */ = {
			isa = PBXVariantGroup;
			children = (
				8289E7221F0AFF000033921D /* Base */,
			);
			name = LaunchScreen.storyboard;
			sourceTree = "<group>";
		};
/* End PBXVariantGroup section */

/* Begin XCBuildConfiguration section */
		8289E7251F0AFF000033921D /* Debug */ = {
			isa = XCBuildConfiguration;
			buildSettings = {
				ALWAYS_SEARCH_USER_PATHS = NO;
				CLANG_ANALYZER_NONNULL = YES;
				CLANG_ANALYZER_NUMBER_OBJECT_CONVERSION = YES_AGGRESSIVE;
				CLANG_CXX_LANGUAGE_STANDARD = "gnu++0x";
				CLANG_CXX_LIBRARY = "libc++";
				CLANG_ENABLE_MODULES = YES;
				CLANG_ENABLE_OBJC_ARC = YES;
				CLANG_WARN_BOOL_CONVERSION = YES;
				CLANG_WARN_CONSTANT_CONVERSION = YES;
				CLANG_WARN_DIRECT_OBJC_ISA_USAGE = YES_ERROR;
				CLANG_WARN_DOCUMENTATION_COMMENTS = YES;
				CLANG_WARN_EMPTY_BODY = YES;
				CLANG_WARN_ENUM_CONVERSION = YES;
				CLANG_WARN_INFINITE_RECURSION = YES;
				CLANG_WARN_INT_CONVERSION = YES;
				CLANG_WARN_OBJC_ROOT_CLASS = YES_ERROR;
				CLANG_WARN_SUSPICIOUS_MOVE = YES;
				CLANG_WARN_UNREACHABLE_CODE = YES;
				CLANG_WARN__DUPLICATE_METHOD_MATCH = YES;
				"CODE_SIGN_IDENTITY[sdk=iphoneos*]" = "iPhone Developer";
				COPY_PHASE_STRIP = NO;
				DEBUG_INFORMATION_FORMAT = dwarf;
				ENABLE_STRICT_OBJC_MSGSEND = YES;
				ENABLE_TESTABILITY = YES;
				GCC_C_LANGUAGE_STANDARD = gnu99;
				GCC_DYNAMIC_NO_PIC = NO;
				GCC_NO_COMMON_BLOCKS = YES;
				GCC_OPTIMIZATION_LEVEL = 0;
				GCC_PREPROCESSOR_DEFINITIONS = (
					"DEBUG=1",
					"$(inherited)",
				);
				GCC_WARN_64_TO_32_BIT_CONVERSION = YES;
				GCC_WARN_ABOUT_RETURN_TYPE = YES_ERROR;
				GCC_WARN_UNDECLARED_SELECTOR = YES;
				GCC_WARN_UNINITIALIZED_AUTOS = YES_AGGRESSIVE;
				GCC_WARN_UNUSED_FUNCTION = YES;
				GCC_WARN_UNUSED_VARIABLE = YES;
				IPHONEOS_DEPLOYMENT_TARGET = 10.3;
				MTL_ENABLE_DEBUG_INFO = YES;
				ONLY_ACTIVE_ARCH = YES;
				SDKROOT = iphoneos;
				SWIFT_ACTIVE_COMPILATION_CONDITIONS = DEBUG;
				SWIFT_OPTIMIZATION_LEVEL = "-Onone";
				TARGETED_DEVICE_FAMILY = "1,2";
			};
			name = Debug;
		};
		8289E7261F0AFF000033921D /* Release */ = {
			isa = XCBuildConfiguration;
			buildSettings = {
				ALWAYS_SEARCH_USER_PATHS = NO;
				CLANG_ANALYZER_NONNULL = YES;
				CLANG_ANALYZER_NUMBER_OBJECT_CONVERSION = YES_AGGRESSIVE;
				CLANG_CXX_LANGUAGE_STANDARD = "gnu++0x";
				CLANG_CXX_LIBRARY = "libc++";
				CLANG_ENABLE_MODULES = YES;
				CLANG_ENABLE_OBJC_ARC = YES;
				CLANG_WARN_BOOL_CONVERSION = YES;
				CLANG_WARN_CONSTANT_CONVERSION = YES;
				CLANG_WARN_DIRECT_OBJC_ISA_USAGE = YES_ERROR;
				CLANG_WARN_DOCUMENTATION_COMMENTS = YES;
				CLANG_WARN_EMPTY_BODY = YES;
				CLANG_WARN_ENUM_CONVERSION = YES;
				CLANG_WARN_INFINITE_RECURSION = YES;
				CLANG_WARN_INT_CONVERSION = YES;
				CLANG_WARN_OBJC_ROOT_CLASS = YES_ERROR;
				CLANG_WARN_SUSPICIOUS_MOVE = YES;
				CLANG_WARN_UNREACHABLE_CODE = YES;
				CLANG_WARN__DUPLICATE_METHOD_MATCH = YES;
				"CODE_SIGN_IDENTITY[sdk=iphoneos*]" = "iPhone Developer";
				COPY_PHASE_STRIP = NO;
				DEBUG_INFORMATION_FORMAT = "dwarf-with-dsym";
				ENABLE_NS_ASSERTIONS = NO;
				ENABLE_STRICT_OBJC_MSGSEND = YES;
				GCC_C_LANGUAGE_STANDARD = gnu99;
				GCC_NO_COMMON_BLOCKS = YES;
				GCC_WARN_64_TO_32_BIT_CONVERSION = YES;
				GCC_WARN_ABOUT_RETURN_TYPE = YES_ERROR;
				GCC_WARN_UNDECLARED_SELECTOR = YES;
				GCC_WARN_UNINITIALIZED_AUTOS = YES_AGGRESSIVE;
				GCC_WARN_UNUSED_FUNCTION = YES;
				GCC_WARN_UNUSED_VARIABLE = YES;
				IPHONEOS_DEPLOYMENT_TARGET = 10.3;
				MTL_ENABLE_DEBUG_INFO = NO;
				SDKROOT = iphoneos;
				SWIFT_OPTIMIZATION_LEVEL = "-Owholemodule";
				TARGETED_DEVICE_FAMILY = "1,2";
				VALIDATE_PRODUCT = YES;
			};
			name = Release;
		};
		8289E7281F0AFF000033921D /* Debug */ = {
			isa = XCBuildConfiguration;
			buildSettings = {
				ASSETCATALOG_COMPILER_APPICON_NAME = "AppIcon-1";
				ASSETCATALOG_COMPILER_LAUNCHIMAGE_NAME = LaunchImage;
				DEVELOPMENT_TEAM = CL52AX9555;
				FRAMEWORK_SEARCH_PATHS = (
					"$(inherited)",
					"$(PROJECT_DIR)",
				);
				INFOPLIST_FILE = ColorVortex/Info.plist;
				IPHONEOS_DEPLOYMENT_TARGET = 10.3;
				LD_RUNPATH_SEARCH_PATHS = "$(inherited) @executable_path/Frameworks";
				PRODUCT_BUNDLE_IDENTIFIER = Paxgams.ColorVortex;
				PRODUCT_NAME = "$(TARGET_NAME)";
				SWIFT_VERSION = 3.0;
			};
			name = Debug;
		};
		8289E7291F0AFF000033921D /* Release */ = {
			isa = XCBuildConfiguration;
			buildSettings = {
				ASSETCATALOG_COMPILER_APPICON_NAME = "AppIcon-1";
				ASSETCATALOG_COMPILER_LAUNCHIMAGE_NAME = LaunchImage;
				DEVELOPMENT_TEAM = CL52AX9555;
				FRAMEWORK_SEARCH_PATHS = (
					"$(inherited)",
					"$(PROJECT_DIR)",
				);
				INFOPLIST_FILE = ColorVortex/Info.plist;
				IPHONEOS_DEPLOYMENT_TARGET = 10.3;
				LD_RUNPATH_SEARCH_PATHS = "$(inherited) @executable_path/Frameworks";
				PRODUCT_BUNDLE_IDENTIFIER = Paxgams.ColorVortex;
				PRODUCT_NAME = "$(TARGET_NAME)";
				SWIFT_VERSION = 3.0;
			};
			name = Release;
		};
/* End XCBuildConfiguration section */

/* Begin XCConfigurationList section */
		8289E70A1F0AFF000033921D /* Build configuration list for PBXProject "ColorVortex" */ = {
			isa = XCConfigurationList;
			buildConfigurations = (
				8289E7251F0AFF000033921D /* Debug */,
				8289E7261F0AFF000033921D /* Release */,
			);
			defaultConfigurationIsVisible = 0;
			defaultConfigurationName = Release;
		};
		8289E7271F0AFF000033921D /* Build configuration list for PBXNativeTarget "ColorVortex" */ = {
			isa = XCConfigurationList;
			buildConfigurations = (
				8289E7281F0AFF000033921D /* Debug */,
				8289E7291F0AFF000033921D /* Release */,
			);
			defaultConfigurationIsVisible = 0;
			defaultConfigurationName = Release;
		};
/* End XCConfigurationList section */
	};
	rootObject = 8289E7071F0AFF000033921D /* Project object */;
}
